
Microsoft Visual Studio Solution File, Format Version 12.00
# Visual Studio 15
Project("{FAE04EC0-301F-11D3-BF4B-00C04F79EFBC}") = "HelloWorld.Android", "HelloWorld.Android\HelloWorld.Android.csproj", "{9422F7AD-79D2-4439-9E0D-B756726B7301}"
EndProject
Project("{FAE04EC0-301F-11D3-BF4B-00C04F79EFBC}") = "HelloWorld.iOS", "HelloWorld.iOS\HelloWorld.iOS.csproj", "{CB583058-B7BE-467C-92B9-C3C570C32715}"
EndProject
Project("{FAE04EC0-301F-11D3-BF4B-00C04F79EFBC}") = "HelloWorld", "HelloWorld\HelloWorld.csproj", "{924402FB-CB8C-4FF7-91D7-8F3C666EF1E7}"
EndProject
Global
	GlobalSection(SolutionConfigurationPlatforms) = preSolution
		Debug|Any CPU = Debug|Any CPU
		Release|Any CPU = Release|Any CPU
		Debug|iPhoneSimulator = Debug|iPhoneSimulator
		Release|iPhoneSimulator = Release|iPhoneSimulator
		Debug|iPhone = Debug|iPhone
		Release|iPhone = Release|iPhone
		Ad-Hoc|iPhone = Ad-Hoc|iPhone
		AppStore|iPhone = AppStore|iPhone
	EndGlobalSection
	GlobalSection(ProjectConfigurationPlatforms) = postSolution
		{9422F7AD-79D2-4439-9E0D-B756726B7301}.Debug|Any CPU.ActiveCfg = Debug|Any CPU
		{9422F7AD-79D2-4439-9E0D-B756726B7301}.Debug|Any CPU.Build.0 = Debug|Any CPU
		{9422F7AD-79D2-4439-9E0D-B756726B7301}.Release|Any CPU.ActiveCfg = Release|Any CPU
		{9422F7AD-79D2-4439-9E0D-B756726B7301}.Release|Any CPU.Build.0 = Release|Any CPU
		{9422F7AD-79D2-4439-9E0D-B756726B7301}.Debug|iPhoneSimulator.ActiveCfg = Debug|Any CPU
		{9422F7AD-79D2-4439-9E0D-B756726B7301}.Debug|iPhoneSimulator.Build.0 = Debug|Any CPU
		{9422F7AD-79D2-4439-9E0D-B756726B7301}.Release|iPhoneSimulator.ActiveCfg = Release|Any CPU
		{9422F7AD-79D2-4439-9E0D-B756726B7301}.Release|iPhoneSimulator.Build.0 = Release|Any CPU
		{9422F7AD-79D2-4439-9E0D-B756726B7301}.Debug|iPhone.ActiveCfg = Debug|Any CPU
		{9422F7AD-79D2-4439-9E0D-B756726B7301}.Debug|iPhone.Build.0 = Debug|Any CPU
		{9422F7AD-79D2-4439-9E0D-B756726B7301}.Release|iPhone.ActiveCfg = Release|Any CPU
		{9422F7AD-79D2-4439-9E0D-B756726B7301}.Release|iPhone.Build.0 = Release|Any CPU
		{9422F7AD-79D2-4439-9E0D-B756726B7301}.Ad-Hoc|iPhone.ActiveCfg = Debug|Any CPU
		{9422F7AD-79D2-4439-9E0D-B756726B7301}.Ad-Hoc|iPhone.Build.0 = Debug|Any CPU
		{9422F7AD-79D2-4439-9E0D-B756726B7301}.AppStore|iPhone.ActiveCfg = Debug|Any CPU
		{9422F7AD-79D2-4439-9E0D-B756726B7301}.AppStore|iPhone.Build.0 = Debug|Any CPU
		{CB583058-B7BE-467C-92B9-C3C570C32715}.Debug|Any CPU.ActiveCfg = Debug|iPhoneSimulator
		{CB583058-B7BE-467C-92B9-C3C570C32715}.Debug|Any CPU.Build.0 = Debug|iPhoneSimulator
		{CB583058-B7BE-467C-92B9-C3C570C32715}.Release|Any CPU.ActiveCfg = Release|iPhoneSimulator
		{CB583058-B7BE-467C-92B9-C3C570C32715}.Release|Any CPU.Build.0 = Release|iPhoneSimulator
		{CB583058-B7BE-467C-92B9-C3C570C32715}.Debug|iPhoneSimulator.ActiveCfg = Debug|iPhoneSimulator
		{CB583058-B7BE-467C-92B9-C3C570C32715}.Debug|iPhoneSimulator.Build.0 = Debug|iPhoneSimulator
		{CB583058-B7BE-467C-92B9-C3C570C32715}.Release|iPhoneSimulator.ActiveCfg = Release|iPhoneSimulator
		{CB583058-B7BE-467C-92B9-C3C570C32715}.Release|iPhoneSimulator.Build.0 = Release|iPhoneSimulator
		{CB583058-B7BE-467C-92B9-C3C570C32715}.Debug|iPhone.ActiveCfg = Debug|iPhone
		{CB583058-B7BE-467C-92B9-C3C570C32715}.Debug|iPhone.Build.0 = Debug|iPhone
		{CB583058-B7BE-467C-92B9-C3C570C32715}.Release|iPhone.ActiveCfg = Release|iPhone
		{CB583058-B7BE-467C-92B9-C3C570C32715}.Release|iPhone.Build.0 = Release|iPhone
		{CB583058-B7BE-467C-92B9-C3C570C32715}.Ad-Hoc|iPhone.ActiveCfg = Ad-Hoc|iPhone
		{CB583058-B7BE-467C-92B9-C3C570C32715}.Ad-Hoc|iPhone.Build.0 = Ad-Hoc|iPhone
		{CB583058-B7BE-467C-92B9-C3C570C32715}.AppStore|iPhone.ActiveCfg = AppStore|iPhone
		{CB583058-B7BE-467C-92B9-C3C570C32715}.AppStore|iPhone.Build.0 = AppStore|iPhone
		{924402FB-CB8C-4FF7-91D7-8F3C666EF1E7}.Debug|Any CPU.ActiveCfg = Debug|Any CPU
		{924402FB-CB8C-4FF7-91D7-8F3C666EF1E7}.Debug|Any CPU.Build.0 = Debug|Any CPU
		{924402FB-CB8C-4FF7-91D7-8F3C666EF1E7}.Release|Any CPU.ActiveCfg = Release|Any CPU
		{924402FB-CB8C-4FF7-91D7-8F3C666EF1E7}.Release|Any CPU.Build.0 = Release|Any CPU
		{924402FB-CB8C-4FF7-91D7-8F3C666EF1E7}.Debug|iPhoneSimulator.ActiveCfg = Debug|Any CPU
		{924402FB-CB8C-4FF7-91D7-8F3C666EF1E7}.Debug|iPhoneSimulator.Build.0 = Debug|Any CPU
		{924402FB-CB8C-4FF7-91D7-8F3C666EF1E7}.Release|iPhoneSimulator.ActiveCfg = Release|Any CPU
		{924402FB-CB8C-4FF7-91D7-8F3C666EF1E7}.Release|iPhoneSimulator.Build.0 = Release|Any CPU
		{924402FB-CB8C-4FF7-91D7-8F3C666EF1E7}.Debug|iPhone.ActiveCfg = Debug|Any CPU
		{924402FB-CB8C-4FF7-91D7-8F3C666EF1E7}.Debug|iPhone.Build.0 = Debug|Any CPU
		{924402FB-CB8C-4FF7-91D7-8F3C666EF1E7}.Release|iPhone.ActiveCfg = Release|Any CPU
		{924402FB-CB8C-4FF7-91D7-8F3C666EF1E7}.Release|iPhone.Build.0 = Release|Any CPU
		{924402FB-CB8C-4FF7-91D7-8F3C666EF1E7}.Ad-Hoc|iPhone.ActiveCfg = Debug|Any CPU
		{924402FB-CB8C-4FF7-91D7-8F3C666EF1E7}.Ad-Hoc|iPhone.Build.0 = Debug|Any CPU
		{924402FB-CB8C-4FF7-91D7-8F3C666EF1E7}.AppStore|iPhone.ActiveCfg = Debug|Any CPU
		{924402FB-CB8C-4FF7-91D7-8F3C666EF1E7}.AppStore|iPhone.Build.0 = Debug|Any CPU
	EndGlobalSection
EndGlobal
